
Microsoft Visual Studio Solution File, Format Version 12.00
# Visual Studio Version 17
VisualStudioVersion = 17.3.32721.290
MinimumVisualStudioVersion = 10.0.40219.1
Project("{FAE04EC0-301F-11D3-BF4B-00C04F79EFBC}") = "ArtistHelper", "ArtistHelper.csproj", "{EABB3183-A34E-4A9A-892A-65E0FABA1F42}"
EndProject
Global
	GlobalSection(SolutionConfigurationPlatforms) = preSolution
		Debug|Any CPU = Debug|Any CPU
		Release|Any CPU = Release|Any CPU
	EndGlobalSection
	GlobalSection(ProjectConfigurationPlatforms) = postSolution
		{EABB3183-A34E-4A9A-892A-65E0FABA1F42}.Debug|Any CPU.ActiveCfg = Debug|Any CPU
		{EABB3183-A34E-4A9A-892A-65E0FABA1F42}.Debug|Any CPU.Build.0 = Debug|Any CPU
		{EABB3183-A34E-4A9A-892A-65E0FABA1F42}.Release|Any CPU.ActiveCfg = Release|Any CPU
		{EABB3183-A34E-4A9A-892A-65E0FABA1F42}.Release|Any CPU.Build.0 = Release|Any CPU
	EndGlobalSection
	GlobalSection(SolutionProperties) = preSolution
		HideSolutionNode = FALSE
	EndGlobalSection
	GlobalSection(ExtensibilityGlobals) = postSolution
		SolutionGuid = {BD1ECCEE-1FCD-4CF9-9769-406652A590DA}
	EndGlobalSection
EndGlobal
